
Microsoft Visual Studio Solution File, Format Version 12.00
# Visual Studio 14
VisualStudioVersion = 14.0.25420.1
MinimumVisualStudioVersion = 10.0.40219.1
Project("{FAE04EC0-301F-11D3-BF4B-00C04F79EFBC}") = "MDoc", "MDoc\MDoc.csproj", "{E2DC8BFD-F7F4-41D8-9730-B2E28005A3F2}"
EndProject
Project("{2150E333-8FDC-42A3-9474-1A3956D46DE8}") = "Data", "Data", "{0B524AF5-E26E-4941-B027-5DB915728E87}"
EndProject
Project("{FAE04EC0-301F-11D3-BF4B-00C04F79EFBC}") = "MDoc.Entities", "MDoc.Entities\MDoc.Entities.csproj", "{5C2C27F5-8EF9-4B1B-909D-44B32183E5B4}"
EndProject
Project("{FAE04EC0-301F-11D3-BF4B-00C04F79EFBC}") = "MDoc.EntityFramework", "MDoc.EntityFramework\MDoc.EntityFramework.csproj", "{69612F87-D82B-406F-8048-946C2C97D410}"
EndProject
Project("{2150E333-8FDC-42A3-9474-1A3956D46DE8}") = "Libraries", "Libraries", "{7EF8E1E9-D644-4CA5-A266-DB838FF3EFC2}"
EndProject
Project("{FAE04EC0-301F-11D3-BF4B-00C04F79EFBC}") = "MDoc.Repositories.Contract", "MDoc.Respositories.Contract\MDoc.Repositories.Contract.csproj", "{8D0420B2-3F05-4641-9F84-FA31A98DE6F8}"
EndProject
Project("{FAE04EC0-301F-11D3-BF4B-00C04F79EFBC}") = "MDoc.Repositories", "MDoc.Repositories\MDoc.Repositories.csproj", "{4D5DE73E-562F-4D22-B0BE-212315CF5DB8}"
EndProject
Project("{2150E333-8FDC-42A3-9474-1A3956D46DE8}") = "Common", "Common", "{AAF80336-CDE8-43B3-93EE-ABD44FB6E513}"
EndProject
Project("{FAE04EC0-301F-11D3-BF4B-00C04F79EFBC}") = "MDoc.Infrastructures", "MDoc.Infrastructures\MDoc.Infrastructures.csproj", "{5ABD9585-3508-49C9-93D3-8A297CEC92D4}"
EndProject
Global
	GlobalSection(SolutionConfigurationPlatforms) = preSolution
		Debug|Any CPU = Debug|Any CPU
		Release|Any CPU = Release|Any CPU
	EndGlobalSection
	GlobalSection(ProjectConfigurationPlatforms) = postSolution
		{E2DC8BFD-F7F4-41D8-9730-B2E28005A3F2}.Debug|Any CPU.ActiveCfg = Debug|Any CPU
		{E2DC8BFD-F7F4-41D8-9730-B2E28005A3F2}.Debug|Any CPU.Build.0 = Debug|Any CPU
		{E2DC8BFD-F7F4-41D8-9730-B2E28005A3F2}.Release|Any CPU.ActiveCfg = Release|Any CPU
		{E2DC8BFD-F7F4-41D8-9730-B2E28005A3F2}.Release|Any CPU.Build.0 = Release|Any CPU
		{5C2C27F5-8EF9-4B1B-909D-44B32183E5B4}.Debug|Any CPU.ActiveCfg = Debug|Any CPU
		{5C2C27F5-8EF9-4B1B-909D-44B32183E5B4}.Debug|Any CPU.Build.0 = Debug|Any CPU
		{5C2C27F5-8EF9-4B1B-909D-44B32183E5B4}.Release|Any CPU.ActiveCfg = Release|Any CPU
		{5C2C27F5-8EF9-4B1B-909D-44B32183E5B4}.Release|Any CPU.Build.0 = Release|Any CPU
		{69612F87-D82B-406F-8048-946C2C97D410}.Debug|Any CPU.ActiveCfg = Debug|Any CPU
		{69612F87-D82B-406F-8048-946C2C97D410}.Debug|Any CPU.Build.0 = Debug|Any CPU
		{69612F87-D82B-406F-8048-946C2C97D410}.Release|Any CPU.ActiveCfg = Release|Any CPU
		{69612F87-D82B-406F-8048-946C2C97D410}.Release|Any CPU.Build.0 = Release|Any CPU
		{8D0420B2-3F05-4641-9F84-FA31A98DE6F8}.Debug|Any CPU.ActiveCfg = Debug|Any CPU
		{8D0420B2-3F05-4641-9F84-FA31A98DE6F8}.Debug|Any CPU.Build.0 = Debug|Any CPU
		{8D0420B2-3F05-4641-9F84-FA31A98DE6F8}.Release|Any CPU.ActiveCfg = Release|Any CPU
		{8D0420B2-3F05-4641-9F84-FA31A98DE6F8}.Release|Any CPU.Build.0 = Release|Any CPU
		{4D5DE73E-562F-4D22-B0BE-212315CF5DB8}.Debug|Any CPU.ActiveCfg = Debug|Any CPU
		{4D5DE73E-562F-4D22-B0BE-212315CF5DB8}.Debug|Any CPU.Build.0 = Debug|Any CPU
		{4D5DE73E-562F-4D22-B0BE-212315CF5DB8}.Release|Any CPU.ActiveCfg = Release|Any CPU
		{4D5DE73E-562F-4D22-B0BE-212315CF5DB8}.Release|Any CPU.Build.0 = Release|Any CPU
		{5ABD9585-3508-49C9-93D3-8A297CEC92D4}.Debug|Any CPU.ActiveCfg = Debug|Any CPU
		{5ABD9585-3508-49C9-93D3-8A297CEC92D4}.Debug|Any CPU.Build.0 = Debug|Any CPU
		{5ABD9585-3508-49C9-93D3-8A297CEC92D4}.Release|Any CPU.ActiveCfg = Release|Any CPU
		{5ABD9585-3508-49C9-93D3-8A297CEC92D4}.Release|Any CPU.Build.0 = Release|Any CPU
	EndGlobalSection
	GlobalSection(SolutionProperties) = preSolution
		HideSolutionNode = FALSE
	EndGlobalSection
	GlobalSection(NestedProjects) = preSolution
		{5C2C27F5-8EF9-4B1B-909D-44B32183E5B4} = {0B524AF5-E26E-4941-B027-5DB915728E87}
		{69612F87-D82B-406F-8048-946C2C97D410} = {0B524AF5-E26E-4941-B027-5DB915728E87}
		{8D0420B2-3F05-4641-9F84-FA31A98DE6F8} = {7EF8E1E9-D644-4CA5-A266-DB838FF3EFC2}
		{4D5DE73E-562F-4D22-B0BE-212315CF5DB8} = {7EF8E1E9-D644-4CA5-A266-DB838FF3EFC2}
		{5ABD9585-3508-49C9-93D3-8A297CEC92D4} = {AAF80336-CDE8-43B3-93EE-ABD44FB6E513}
	EndGlobalSection
EndGlobal
